// !$*UTF8*$!
{
	archiveVersion = 1;
	classes = {
	};
	objectVersion = 77;
	objects = {

/* Begin PBXBuildFile section */
		056BF007517D75159A985260 /* CameraRecorder.swift in Sources */ = {isa = PBXBuildFile; fileRef = 316E6D5DC29F2D5BB4C35AF8 /* CameraRecorder.swift */; };
		22D8C24063D22AED7D410D00 /* demo_swing.mp4 in Resources */ = {isa = PBXBuildFile; fileRef = 6B8050982BE2A56733AB1B0E /* demo_swing.mp4 */; };
		30FCEC56FE6509E2CFDD74F0 /* ClubDetector.mlpackage in Sources */ = {isa = PBXBuildFile; fileRef = 144BA512EA8A33383DC21C75 /* ClubDetector.mlpackage */; };
		64E73BD865A92B068E64767A /* Analyzer.swift in Sources */ = {isa = PBXBuildFile; fileRef = D34503C20BC7C25D601F1C97 /* Analyzer.swift */; };
		6D76D520CE4A1CC977C78E52 /* Theme.swift in Sources */ = {isa = PBXBuildFile; fileRef = CEA12AA7690E8A99AE0A3022 /* Theme.swift */; };
		87C1DC37F80F206B57DC3A00 /* ContentView.swift in Sources */ = {isa = PBXBuildFile; fileRef = FA6D90D16410C132D579BE0A /* ContentView.swift */; };
		8C9773C794ECAF4AB8EFCCCC /* Biomechanics.swift in Sources */ = {isa = PBXBuildFile; fileRef = A0F5A9B34E3DA7E74297A8B4 /* Biomechanics.swift */; };
		B487B614D31DE31A8D52332D /* ClubTracker.swift in Sources */ = {isa = PBXBuildFile; fileRef = 252782ED3AA83F607869260B /* ClubTracker.swift */; };
		DC781A381CDC18FF7BBA7662 /* Models.swift in Sources */ = {isa = PBXBuildFile; fileRef = 5D7B283D2906D0DCD962321D /* Models.swift */; };
		EE966199A8971ECB97DEA35B /* PoseExtractor.swift in Sources */ = {isa = PBXBuildFile; fileRef = E219413FA4175502E9EC3197 /* PoseExtractor.swift */; };
		F324444A8107CFA92EAE4B64 /* SwingCheckApp.swift in Sources */ = {isa = PBXBuildFile; fileRef = 1F39AFA1C1C94B64A1A194FB /* SwingCheckApp.swift */; };
		FA9D900F5B7EBD300D6B0B21 /* DownTheLine.swift in Sources */ = {isa = PBXBuildFile; fileRef = E37CDEF38CAD7FC03BD1A09A /* DownTheLine.swift */; };
/* End PBXBuildFile section */

/* Begin PBXFileReference section */
		144BA512EA8A33383DC21C75 /* ClubDetector.mlpackage */ = {isa = PBXFileReference; path = ClubDetector.mlpackage; sourceTree = "<group>"; };
		1F39AFA1C1C94B64A1A194FB /* SwingCheckApp.swift */ = {isa = PBXFileReference; lastKnownFileType = sourcecode.swift; path = SwingCheckApp.swift; sourceTree = "<group>"; };
		252782ED3AA83F607869260B /* ClubTracker.swift */ = {isa = PBXFileReference; lastKnownFileType = sourcecode.swift; path = ClubTracker.swift; sourceTree = "<group>"; };
		316E6D5DC29F2D5BB4C35AF8 /* CameraRecorder.swift */ = {isa = PBXFileReference; lastKnownFileType = sourcecode.swift; path = CameraRecorder.swift; sourceTree = "<group>"; };
		5D7B283D2906D0DCD962321D /* Models.swift */ = {isa = PBXFileReference; lastKnownFileType = sourcecode.swift; path = Models.swift; sourceTree = "<group>"; };
		6B8050982BE2A56733AB1B0E /* demo_swing.mp4 */ = {isa = PBXFileReference; path = demo_swing.mp4; sourceTree = "<group>"; };
		A0F5A9B34E3DA7E74297A8B4 /* Biomechanics.swift */ = {isa = PBXFileReference; lastKnownFileType = sourcecode.swift; path = Biomechanics.swift; sourceTree = "<group>"; };
		CEA12AA7690E8A99AE0A3022 /* Theme.swift */ = {isa = PBXFileReference; lastKnownFileType = sourcecode.swift; path = Theme.swift; sourceTree = "<group>"; };
		CFFD52DD1A33916E58AE013F /* SwingCheck.app */ = {isa = PBXFileReference; includeInIndex = 0; lastKnownFileType = wrapper.application; path = SwingCheck.app; sourceTree = BUILT_PRODUCTS_DIR; };
		D34503C20BC7C25D601F1C97 /* Analyzer.swift */ = {isa = PBXFileReference; lastKnownFileType = sourcecode.swift; path = Analyzer.swift; sourceTree = "<group>"; };
		E219413FA4175502E9EC3197 /* PoseExtractor.swift */ = {isa = PBXFileReference; lastKnownFileType = sourcecode.swift; path = PoseExtractor.swift; sourceTree = "<group>"; };
		E37CDEF38CAD7FC03BD1A09A /* DownTheLine.swift */ = {isa = PBXFileReference; lastKnownFileType = sourcecode.swift; path = DownTheLine.swift; sourceTree = "<group>"; };
		FA6D90D16410C132D579BE0A /* ContentView.swift */ = {isa = PBXFileReference; lastKnownFileType = sourcecode.swift; path = ContentView.swift; sourceTree = "<group>"; };
/* End PBXFileReference section */

/* Begin PBXGroup section */
		43F1A02E46F45F5E7891AB3A /* Products */ = {
			isa = PBXGroup;
			children = (
				CFFD52DD1A33916E58AE013F /* SwingCheck.app */,
			);
			name = Products;
			sourceTree = "<group>";
		};
		4BBED2940E4739F4759D0A0B /* Resources */ = {
			isa = PBXGroup;
			children = (
				144BA512EA8A33383DC21C75 /* ClubDetector.mlpackage */,
				6B8050982BE2A56733AB1B0E /* demo_swing.mp4 */,
			);
			path = Resources;
			sourceTree = "<group>";
		};
		5CBA2C7F03CFC37405920D58 = {
			isa = PBXGroup;
			children = (
				4BBED2940E4739F4759D0A0B /* Resources */,
				8E5F79B1D89ABA888682B062 /* Sources */,
				43F1A02E46F45F5E7891AB3A /* Products */,
			);
			sourceTree = "<group>";
		};
		8E5F79B1D89ABA888682B062 /* Sources */ = {
			isa = PBXGroup;
			children = (
				D34503C20BC7C25D601F1C97 /* Analyzer.swift */,
				A0F5A9B34E3DA7E74297A8B4 /* Biomechanics.swift */,
				316E6D5DC29F2D5BB4C35AF8 /* CameraRecorder.swift */,
				252782ED3AA83F607869260B /* ClubTracker.swift */,
				FA6D90D16410C132D579BE0A /* ContentView.swift */,
				E37CDEF38CAD7FC03BD1A09A /* DownTheLine.swift */,
				5D7B283D2906D0DCD962321D /* Models.swift */,
				E219413FA4175502E9EC3197 /* PoseExtractor.swift */,
				1F39AFA1C1C94B64A1A194FB /* SwingCheckApp.swift */,
				CEA12AA7690E8A99AE0A3022 /* Theme.swift */,
			);
			path = Sources;
			sourceTree = "<group>";
		};
/* End PBXGroup section */

/* Begin PBXNativeTarget section */
		CB76577EAE1389A598628564 /* SwingCheck */ = {
			isa = PBXNativeTarget;
			buildConfigurationList = 421591A84EA141F429B80E3C /* Build configuration list for PBXNativeTarget "SwingCheck" */;
			buildPhases = (
				634724CA826277BAE39A3E17 /* Sources */,
				EAFD6DDC5A0612901428987A /* Resources */,
			);
			buildRules = (
			);
			dependencies = (
			);
			name = SwingCheck;
			packageProductDependencies = (
			);
			productName = SwingCheck;
			productReference = CFFD52DD1A33916E58AE013F /* SwingCheck.app */;
			productType = "com.apple.product-type.application";
		};
/* End PBXNativeTarget section */

/* Begin PBXProject section */
		B1E5F4196287712E71191B20 /* Project object */ = {
			isa = PBXProject;
			attributes = {
				BuildIndependentTargetsInParallel = YES;
				LastUpgradeCheck = 1430;
				TargetAttributes = {
					CB76577EAE1389A598628564 = {
						ProvisioningStyle = Automatic;
					};
				};
			};
			buildConfigurationList = 62D4E06DED0ACBCBA17E5561 /* Build configuration list for PBXProject "SwingCheck" */;
			developmentRegion = en;
			hasScannedForEncodings = 0;
			knownRegions = (
				Base,
				en,
			);
			mainGroup = 5CBA2C7F03CFC37405920D58;
			minimizedProjectReferenceProxies = 1;
			preferredProjectObjectVersion = 77;
			productRefGroup = 43F1A02E46F45F5E7891AB3A /* Products */;
			projectDirPath = "";
			projectRoot = "";
			targets = (
				CB76577EAE1389A598628564 /* SwingCheck */,
			);
		};
/* End PBXProject section */

/* Begin PBXResourcesBuildPhase section */
		EAFD6DDC5A0612901428987A /* Resources */ = {
			isa = PBXResourcesBuildPhase;
			buildActionMask = 2147483647;
			files = (
				22D8C24063D22AED7D410D00 /* demo_swing.mp4 in Resources */,
			);
			runOnlyForDeploymentPostprocessing = 0;
		};
/* End PBXResourcesBuildPhase section */

/* Begin PBXSourcesBuildPhase section */
		634724CA826277BAE39A3E17 /* Sources */ = {
			isa = PBXSourcesBuildPhase;
			buildActionMask = 2147483647;
			files = (
				64E73BD865A92B068E64767A /* Analyzer.swift in Sources */,
				8C9773C794ECAF4AB8EFCCCC /* Biomechanics.swift in Sources */,
				056BF007517D75159A985260 /* CameraRecorder.swift in Sources */,
				30FCEC56FE6509E2CFDD74F0 /* ClubDetector.mlpackage in Sources */,
				B487B614D31DE31A8D52332D /* ClubTracker.swift in Sources */,
				87C1DC37F80F206B57DC3A00 /* ContentView.swift in Sources */,
				FA9D900F5B7EBD300D6B0B21 /* DownTheLine.swift in Sources */,
				DC781A381CDC18FF7BBA7662 /* Models.swift in Sources */,
				EE966199A8971ECB97DEA35B /* PoseExtractor.swift in Sources */,
				F324444A8107CFA92EAE4B64 /* SwingCheckApp.swift in Sources */,
				6D76D520CE4A1CC977C78E52 /* Theme.swift in Sources */,
			);
			runOnlyForDeploymentPostprocessing = 0;
		};
/* End PBXSourcesBuildPhase section */

/* Begin XCBuildConfiguration section */
		4B9D8C937BDF71F41ECF7900 /* Debug */ = {
			isa = XCBuildConfiguration;
			buildSettings = {
				ASSETCATALOG_COMPILER_APPICON_NAME = AppIcon;
				CODE_SIGN_IDENTITY = "iPhone Developer";
				CODE_SIGN_STYLE = Automatic;
				CURRENT_PROJECT_VERSION = 1;
				GENERATE_INFOPLIST_FILE = NO;
				INFOPLIST_FILE = Generated/Info.plist;
				LD_RUNPATH_SEARCH_PATHS = (
					"$(inherited)",
					"@executable_path/Frameworks",
				);
				MARKETING_VERSION = 1.0;
				PRODUCT_BUNDLE_IDENTIFIER = com.graceyan.swingcheck;
				SDKROOT = iphoneos;
				SWIFT_VERSION = 5.0;
				TARGETED_DEVICE_FAMILY = 1;
			};
			name = Debug;
		};
		7697992226E763CBDDC07F93 /* Debug */ = {
			isa = XCBuildConfiguration;
			buildSettings = {
				ALWAYS_SEARCH_USER_PATHS = NO;
				CLANG_ANALYZER_NONNULL = YES;
				CLANG_ANALYZER_NUMBER_OBJECT_CONVERSION = YES_AGGRESSIVE;
				CLANG_CXX_LANGUAGE_STANDARD = "gnu++14";
				CLANG_CXX_LIBRARY = "libc++";
				CLANG_ENABLE_MODULES = YES;
				CLANG_ENABLE_OBJC_ARC = YES;
				CLANG_ENABLE_OBJC_WEAK = YES;
				CLANG_WARN_BLOCK_CAPTURE_AUTORELEASING = YES;
				CLANG_WARN_BOOL_CONVERSION = YES;
				CLANG_WARN_COMMA = YES;
				CLANG_WARN_CONSTANT_CONVERSION = YES;
				CLANG_WARN_DEPRECATED_OBJC_IMPLEMENTATIONS = YES;
				CLANG_WARN_DIRECT_OBJC_ISA_USAGE = YES_ERROR;
				CLANG_WARN_DOCUMENTATION_COMMENTS = YES;
				CLANG_WARN_EMPTY_BODY = YES;
				CLANG_WARN_ENUM_CONVERSION = YES;
				CLANG_WARN_INFINITE_RECURSION = YES;
				CLANG_WARN_INT_CONVERSION = YES;
				CLANG_WARN_NON_LITERAL_NULL_CONVERSION = YES;
				CLANG_WARN_OBJC_IMPLICIT_RETAIN_SELF = YES;
				CLANG_WARN_OBJC_LITERAL_CONVERSION = YES;
				CLANG_WARN_OBJC_ROOT_CLASS = YES_ERROR;
				CLANG_WARN_QUOTED_INCLUDE_IN_FRAMEWORK_HEADER = YES;
				CLANG_WARN_RANGE_LOOP_ANALYSIS = YES;
				CLANG_WARN_STRICT_PROTOTYPES = YES;
				CLANG_WARN_SUSPICIOUS_MOVE = YES;
				CLANG_WARN_UNGUARDED_AVAILABILITY = YES_AGGRESSIVE;
				CLANG_WARN_UNREACHABLE_CODE = YES;
				CLANG_WARN__DUPLICATE_METHOD_MATCH = YES;
				COPY_PHASE_STRIP = NO;
				DEBUG_INFORMATION_FORMAT = dwarf;
				ENABLE_STRICT_OBJC_MSGSEND = YES;
				ENABLE_TESTABILITY = YES;
				GCC_C_LANGUAGE_STANDARD = gnu11;
				GCC_DYNAMIC_NO_PIC = NO;
				GCC_NO_COMMON_BLOCKS = YES;
				GCC_OPTIMIZATION_LEVEL = 0;
				GCC_PREPROCESSOR_DEFINITIONS = (
					"$(inherited)",
					"DEBUG=1",
				);
				GCC_WARN_64_TO_32_BIT_CONVERSION = YES;
				GCC_WARN_ABOUT_RETURN_TYPE = YES_ERROR;
				GCC_WARN_UNDECLARED_SELECTOR = YES;
				GCC_WARN_UNINITIALIZED_AUTOS = YES_AGGRESSIVE;
				GCC_WARN_UNUSED_FUNCTION = YES;
				GCC_WARN_UNUSED_VARIABLE = YES;
				IPHONEOS_DEPLOYMENT_TARGET = 17.0;
				MTL_ENABLE_DEBUG_INFO = INCLUDE_SOURCE;
				MTL_FAST_MATH = YES;
				ONLY_ACTIVE_ARCH = YES;
				PRODUCT_NAME = "$(TARGET_NAME)";
				SDKROOT = iphoneos;
				SWIFT_ACTIVE_COMPILATION_CONDITIONS = DEBUG;
				SWIFT_OPTIMIZATION_LEVEL = "-Onone";
				SWIFT_VERSION = 5.0;
			};
			name = Debug;
		};
		8CA0A1B8EEBC47519CCE89EF /* Release */ = {
			isa = XCBuildConfiguration;
			buildSettings = {
				ASSETCATALOG_COMPILER_APPICON_NAME = AppIcon;
				CODE_SIGN_IDENTITY = "iPhone Developer";
				CODE_SIGN_STYLE = Automatic;
				CURRENT_PROJECT_VERSION = 1;
				GENERATE_INFOPLIST_FILE = NO;
				INFOPLIST_FILE = Generated/Info.plist;
				LD_RUNPATH_SEARCH_PATHS = (
					"$(inherited)",
					"@executable_path/Frameworks",
				);
				MARKETING_VERSION = 1.0;
				PRODUCT_BUNDLE_IDENTIFIER = com.graceyan.swingcheck;
				SDKROOT = iphoneos;
				SWIFT_VERSION = 5.0;
				TARGETED_DEVICE_FAMILY = 1;
			};
			name = Release;
		};
		AD6FE2C7F72D7F1C561BD863 /* Release */ = {
			isa = XCBuildConfiguration;
			buildSettings = {
				ALWAYS_SEARCH_USER_PATHS = NO;
				CLANG_ANALYZER_NONNULL = YES;
				CLANG_ANALYZER_NUMBER_OBJECT_CONVERSION = YES_AGGRESSIVE;
				CLANG_CXX_LANGUAGE_STANDARD = "gnu++14";
				CLANG_CXX_LIBRARY = "libc++";
				CLANG_ENABLE_MODULES = YES;
				CLANG_ENABLE_OBJC_ARC = YES;
				CLANG_ENABLE_OBJC_WEAK = YES;
				CLANG_WARN_BLOCK_CAPTURE_AUTORELEASING = YES;
				CLANG_WARN_BOOL_CONVERSION = YES;
				CLANG_WARN_COMMA = YES;
				CLANG_WARN_CONSTANT_CONVERSION = YES;
				CLANG_WARN_DEPRECATED_OBJC_IMPLEMENTATIONS = YES;
				CLANG_WARN_DIRECT_OBJC_ISA_USAGE = YES_ERROR;
				CLANG_WARN_DOCUMENTATION_COMMENTS = YES;
				CLANG_WARN_EMPTY_BODY = YES;
				CLANG_WARN_ENUM_CONVERSION = YES;
				CLANG_WARN_INFINITE_RECURSION = YES;
				CLANG_WARN_INT_CONVERSION = YES;
				CLANG_WARN_NON_LITERAL_NULL_CONVERSION = YES;
				CLANG_WARN_OBJC_IMPLICIT_RETAIN_SELF = YES;
				CLANG_WARN_OBJC_LITERAL_CONVERSION = YES;
				CLANG_WARN_OBJC_ROOT_CLASS = YES_ERROR;
				CLANG_WARN_QUOTED_INCLUDE_IN_FRAMEWORK_HEADER = YES;
				CLANG_WARN_RANGE_LOOP_ANALYSIS = YES;
				CLANG_WARN_STRICT_PROTOTYPES = YES;
				CLANG_WARN_SUSPICIOUS_MOVE = YES;
				CLANG_WARN_UNGUARDED_AVAILABILITY = YES_AGGRESSIVE;
				CLANG_WARN_UNREACHABLE_CODE = YES;
				CLANG_WARN__DUPLICATE_METHOD_MATCH = YES;
				COPY_PHASE_STRIP = NO;
				DEBUG_INFORMATION_FORMAT = "dwarf-with-dsym";
				ENABLE_NS_ASSERTIONS = NO;
				ENABLE_STRICT_OBJC_MSGSEND = YES;
				GCC_C_LANGUAGE_STANDARD = gnu11;
				GCC_NO_COMMON_BLOCKS = YES;
				GCC_WARN_64_TO_32_BIT_CONVERSION = YES;
				GCC_WARN_ABOUT_RETURN_TYPE = YES_ERROR;
				GCC_WARN_UNDECLARED_SELECTOR = YES;
				GCC_WARN_UNINITIALIZED_AUTOS = YES_AGGRESSIVE;
				GCC_WARN_UNUSED_FUNCTION = YES;
				GCC_WARN_UNUSED_VARIABLE = YES;
				IPHONEOS_DEPLOYMENT_TARGET = 17.0;
				MTL_ENABLE_DEBUG_INFO = NO;
				MTL_FAST_MATH = YES;
				PRODUCT_NAME = "$(TARGET_NAME)";
				SDKROOT = iphoneos;
				SWIFT_COMPILATION_MODE = wholemodule;
				SWIFT_OPTIMIZATION_LEVEL = "-O";
				SWIFT_VERSION = 5.0;
			};
			name = Release;
		};
/* End XCBuildConfiguration section */

/* Begin XCConfigurationList section */
		421591A84EA141F429B80E3C /* Build configuration list for PBXNativeTarget "SwingCheck" */ = {
			isa = XCConfigurationList;
			buildConfigurations = (
				4B9D8C937BDF71F41ECF7900 /* Debug */,
				8CA0A1B8EEBC47519CCE89EF /* Release */,
			);
			defaultConfigurationIsVisible = 0;
			defaultConfigurationName = Debug;
		};
		62D4E06DED0ACBCBA17E5561 /* Build configuration list for PBXProject "SwingCheck" */ = {
			isa = XCConfigurationList;
			buildConfigurations = (
				7697992226E763CBDDC07F93 /* Debug */,
				AD6FE2C7F72D7F1C561BD863 /* Release */,
			);
			defaultConfigurationIsVisible = 0;
			defaultConfigurationName = Debug;
		};
/* End XCConfigurationList section */
	};
	rootObject = B1E5F4196287712E71191B20 /* Project object */;
}
